<?xml version="1.0" encoding="utf-8"?>
<Project ToolsVersion="4.0" xmlns="http://schemas.microsoft.com/developer/msbuild/2003">
  <ItemGroup>
    <ClCompile Include="..\main.c" />
    <ClCompile Include="..\deps\glad\glad.c" />
    <ClCompile Include="..\deps\glfw\context.c" />
    <ClCompile Include="..\deps\glfw\init.c" />
    <ClCompile Include="..\deps\glfw\input.c" />
    <ClCompile Include="..\deps\glfw\monitor.c" />
    <ClCompile Include="..\deps\glfw\wgl_context.c" />
    <ClCompile Include="..\deps\glfw\win32_init.c" />
    <ClCompile Include="..\deps\glfw\win32_joystick.c" />
    <ClCompile Include="..\deps\glfw\win32_monitor.c" />
    <ClCompile Include="..\deps\glfw\win32_time.c" />
    <ClCompile Include="..\deps\glfw\win32_tls.c" />
    <ClCompile Include="..\deps\glfw\win32_window.c" />
    <ClCompile Include="..\deps\glfw\window.c" />
    <ClCompile Include="..\deps\glfw\vulkan.c" />
    <ClCompile Include="..\deps\lua\lapi.c" />
    <ClCompile Include="..\deps\lua\lauxlib.c" />
    <ClCompile Include="..\deps\lua\lbaselib.c" />
    <ClCompile Include="..\deps\lua\lbitlib.c" />
    <ClCompile Include="..\deps\lua\lcode.c" />
    <ClCompile Include="..\deps\lua\lcorolib.c" />
    <ClCompile Include="..\deps\lua\lctype.c" />
    <ClCompile Include="..\deps\lua\ldblib.c" />
    <ClCompile Include="..\deps\lua\ldebug.c" />
    <ClCompile Include="..\deps\lua\ldo.c" />
    <ClCompile Include="..\deps\lua\ldump.c" />
    <ClCompile Include="..\deps\lua\lfunc.c" />
    <ClCompile Include="..\deps\lua\lgc.c" />
    <ClCompile Include="..\deps\lua\linit.c" />
    <ClCompile Include="..\deps\lua\liolib.c" />
    <ClCompile Include="..\deps\lua\llex.c" />
    <ClCompile Include="..\deps\lua\lmathlib.c" />
    <ClCompile Include="..\deps\lua\lmem.c" />
    <ClCompile Include="..\deps\lua\loadlib.c" />
    <ClCompile Include="..\deps\lua\lobject.c" />
    <ClCompile Include="..\deps\lua\lopcodes.c" />
    <ClCompile Include="..\deps\lua\loslib.c" />
    <ClCompile Include="..\deps\lua\lparser.c" />
    <ClCompile Include="..\deps\lua\lstate.c" />
    <ClCompile Include="..\deps\lua\lstring.c" />
    <ClCompile Include="..\deps\lua\lstrlib.c" />
    <ClCompile Include="..\deps\lua\ltable.c" />
    <ClCompile Include="..\deps\lua\ltablib.c" />
    <ClCompile Include="..\deps\lua\ltests.c" />
    <ClCompile Include="..\deps\lua\ltm.c" />
    <ClCompile Include="..\deps\lua\lundump.c" />
    <ClCompile Include="..\deps\lua\lutf8lib.c" />
    <ClCompile Include="..\deps\lua\lvm.c" />
    <ClCompile Include="..\deps\lua\lzio.c" />
    <ClCompile Include="..\deps\glfw\egl_context.c" />
  </ItemGroup>
  <ItemGroup>
    <ClInclude Include="..\deps\glad\glad.h" />
    <ClInclude Include="..\deps\glfw\glfw3.h" />
    <ClInclude Include="..\deps\glfw\wgl_context.h" />
    <ClInclude Include="..\deps\glfw\win32_joystick.h" />
    <ClInclude Include="..\deps\glfw\win32_platform.h" />
    <ClInclude Include="..\deps\glfw\internal.h" />
    <ClInclude Include="..\deps\glfw\glfw_config.h" />
    <ClInclude Include="..\tinygl.h" />
    <ClInclude Include="..\deps\lua\lapi.h" />
    <ClInclude Include="..\deps\lua\lauxlib.h" />
    <ClInclude Include="..\deps\lua\lcode.h" />
    <ClInclude Include="..\deps\lua\lctype.h" />
    <ClInclude Include="..\deps\lua\ldebug.h" />
    <ClInclude Include="..\deps\lua\ldo.h" />
    <ClInclude Include="..\deps\lua\lfunc.h" />
    <ClInclude Include="..\deps\lua\lgc.h" />
    <ClInclude Include="..\deps\lua\llex.h" />
    <ClInclude Include="..\deps\lua\llimits.h" />
    <ClInclude Include="..\deps\lua\lmem.h" />
    <ClInclude Include="..\deps\lua\lobject.h" />
    <ClInclude Include="..\deps\lua\lopcodes.h" />
    <ClInclude Include="..\deps\lua\lparser.h" />
    <ClInclude Include="..\deps\lua\lprefix.h" />
    <ClInclude Include="..\deps\lua\lstate.h" />
    <ClInclude Include="..\deps\lua\lstring.h" />
    <ClInclude Include="..\deps\lua\ltable.h" />
    <ClInclude Include="..\deps\lua\ltests.h" />
    <ClInclude Include="..\deps\lua\ltm.h" />
    <ClInclude Include="..\deps\lua\lua.h" />
    <ClInclude Include="..\deps\lua\luaconf.h" />
    <ClInclude Include="..\deps\lua\lualib.h" />
    <ClInclude Include="..\deps\lua\lundump.h" />
    <ClInclude Include="..\deps\lua\lvm.h" />
    <ClInclude Include="..\deps\lua\lzio.h" />
    <ClInclude Include="..\tinytime.h" />
  </ItemGroup>
</Project>